{
  "name": "vue",
  "version": "3.0.0-alpha.7",
  "lockfileVersion": 1,
  "requires": true,
  "dependencies": {
    "@vue/compiler-core": {
      "version": "3.0.0-alpha.7",
      "resolved": "https://registry.npmjs.org/@vue/compiler-core/-/compiler-core-3.0.0-alpha.7.tgz",
      "integrity": "sha512-IAhE2G2y4qqLo5D/AFxWnBeQcttnTF6kkgnmjoqTLsDAu47bmeawdJG5MViXi1yIvhYHSYjGk7dQS8wXF/63fA==",
      "requires": {
        "acorn": "^7.1.0",
        "estree-walker": "^0.8.1",
        "source-map": "^0.6.1"
      }
    },
    "@vue/compiler-dom": {
      "version": "3.0.0-alpha.7",
      "resolved": "https://registry.npmjs.org/@vue/compiler-dom/-/compiler-dom-3.0.0-alpha.7.tgz",
      "integrity": "sha512-NsC5CcbgiXuqxsAQwj7dkB082WMHL7KhQPnf/BtD0UO5OQ3ooptEOUYCW/bPHXjOcOxuCE0PL5xn4xxD9290zg==",
      "requires": {
        "@vue/compiler-core": "3.0.0-alpha.7"
      }
    },
    "@vue/reactivity": {
      "version": "3.0.0-alpha.7",
      "resolved": "https://registry.npmjs.org/@vue/reactivity/-/reactivity-3.0.0-alpha.7.tgz",
      "integrity": "sha512-bmUp5rsjjkmord2wbCFiaD8+EHngI9zzYLcmhkOtVV43EIB0n1aOKrBCq+sq618hFMmv92IMbNW8E+5Kfv4ElA=="
    },
    "@vue/runtime-core": {
      "version": "3.0.0-alpha.7",
      "resolved": "https://registry.npmjs.org/@vue/runtime-core/-/runtime-core-3.0.0-alpha.7.tgz",
      "integrity": "sha512-/bZjcm86Avp0CVfM+8ZiUduZ+HZ7KUmTdXxEL3JTw2lP28QluuPkCm34urOGoG37C3G5FrDqag3keNchKqyb9Q==",
      "requires": {
        "@vue/reactivity": "3.0.0-alpha.7"
      }
    },
    "@vue/runtime-dom": {
      "version": "3.0.0-alpha.7",
      "resolved": "https://registry.npmjs.org/@vue/runtime-dom/-/runtime-dom-3.0.0-alpha.7.tgz",
      "integrity": "sha512-iJLCMuyp1sJzxT7UAHtY0zTOZRUXKKU4LBeObGSn60tXaMyVegIPnTiK6OmcmTM1gmclRVGngodNwb0LNTkxBQ==",
      "requires": {
        "@vue/runtime-core": "3.0.0-alpha.7",
        "csstype": "^2.6.8"
      }
    },
    "acorn": {
      "version": "7.1.1",
      "resolved": "https://registry.npmjs.org/acorn/-/acorn-7.1.1.tgz",
      "integrity": "sha512-add7dgA5ppRPxCFJoAGfMDi7PIBXq1RtGo7BhbLaxwrXPOmw8gq48Y9ozT01hUKy9byMjlR20EJhu5zlkErEkg=="
    },
    "csstype": {
      "version": "2.6.9",
      "resolved": "https://registry.npmjs.org/csstype/-/csstype-2.6.9.tgz",
      "integrity": "sha512-xz39Sb4+OaTsULgUERcCk+TJj8ylkL4aSVDQiX/ksxbELSqwkgt4d4RD7fovIdgJGSuNYqwZEiVjYY5l0ask+Q=="
    },
    "estree-walker": {
      "version": "0.8.1",
      "resolved": "https://registry.npmjs.org/estree-walker/-/estree-walker-0.8.1.tgz",
      "integrity": "sha512-H6cJORkqvrNziu0KX2hqOMAlA2CiuAxHeGJXSIoKA/KLv229Dw806J3II6mKTm5xiDX1At1EXCfsOQPB+tMB+g=="
    },
    "lodash": {
      "version": "4.17.15",
      "resolved": "https://registry.npmjs.org/lodash/-/lodash-4.17.15.tgz",
      "integrity": "sha512-8xOcRHvCjnocdS5cpwXQXVzmmh5e5+saE2QGoeQmbKmRS6J3VQppPOIt0MnmE+4xlZoumy0GPG0D0MVIQbNA1A==",
      "dev": true
    },
    "marked": {
      "version": "0.7.0",
      "resolved": "https://registry.npmjs.org/marked/-/marked-0.7.0.tgz",
      "integrity": "sha512-c+yYdCZJQrsRjTPhUx7VKkApw9bwDkNbHUKo1ovgcfDjb2kc8rLuRbIFyXL5WOEUwzSSKo3IXpph2K6DqB/KZg==",
      "dev": true
    },
    "source-map": {
      "version": "0.6.1",
      "resolved": "https://registry.npmjs.org/source-map/-/source-map-0.6.1.tgz",
      "integrity": "sha512-UjgapumWlbMhkBgzT7Ykc5YXUT46F0iKu8SGXq0bcwP5dz/h0Plj6enJqjz1Zbq2l5WaqYnrVbwWOWMyF3F47g=="
    },
    "todomvc-app-css": {
      "version": "2.3.0",
      "resolved": "https://registry.npmjs.org/todomvc-app-css/-/todomvc-app-css-2.3.0.tgz",
      "integrity": "sha512-RG8hxqoVn8Be3wxyuyHfOSAXiY1Z0N+PYQOe/jxzy3wpU1Obfwd1RF1i/fz/fR+MrYL+Q+BdrUt8SsXdtR7Oow==",
      "dev": true
    }
  }
}
